
Microsoft Visual Studio Solution File, Format Version 12.00
# Visual Studio Version 17
VisualStudioVersion = 17.4.33213.308
MinimumVisualStudioVersion = 10.0.40219.1
Project("{FAE04EC0-301F-11D3-BF4B-00C04F79EFBC}") = "WebApi", "WebApi\WebApi.csproj", "{FBEFC2F9-BD76-4B04-A953-8ADB9C130271}"
EndProject
Global
	GlobalSection(SolutionConfigurationPlatforms) = preSolution
		Debug|Any CPU = Debug|Any CPU
		Release|Any CPU = Release|Any CPU
	EndGlobalSection
	GlobalSection(ProjectConfigurationPlatforms) = postSolution
		{FBEFC2F9-BD76-4B04-A953-8ADB9C130271}.Debug|Any CPU.ActiveCfg = Debug|Any CPU
		{FBEFC2F9-BD76-4B04-A953-8ADB9C130271}.Debug|Any CPU.Build.0 = Debug|Any CPU
		{FBEFC2F9-BD76-4B04-A953-8ADB9C130271}.Release|Any CPU.ActiveCfg = Release|Any CPU
		{FBEFC2F9-BD76-4B04-A953-8ADB9C130271}.Release|Any CPU.Build.0 = Release|Any CPU
	EndGlobalSection
	GlobalSection(SolutionProperties) = preSolution
		HideSolutionNode = FALSE
	EndGlobalSection
	GlobalSection(ExtensibilityGlobals) = postSolution
		SolutionGuid = {8F3310C5-06C5-4755-9FE8-BC4282839864}
	EndGlobalSection
EndGlobal
